// !$*UTF8*$!
{
	archiveVersion = 1;
	classes = {
	};
	objectVersion = 46;
	objects = {

/* Begin PBXBuildFile section */
		378C36821F43357A008221C3 /* AppDelegate.swift in Sources */ = {isa = PBXBuildFile; fileRef = 378C36811F43357A008221C3 /* AppDelegate.swift */; };
		378C36841F43357A008221C3 /* ViewController.swift in Sources */ = {isa = PBXBuildFile; fileRef = 378C36831F43357A008221C3 /* ViewController.swift */; };
		378C36871F43357A008221C3 /* Main.storyboard in Resources */ = {isa = PBXBuildFile; fileRef = 378C36851F43357A008221C3 /* Main.storyboard */; };
		378C36891F43357A008221C3 /* Assets.xcassets in Resources */ = {isa = PBXBuildFile; fileRef = 378C36881F43357A008221C3 /* Assets.xcassets */; };
		378C368C1F43357A008221C3 /* LaunchScreen.storyboard in Resources */ = {isa = PBXBuildFile; fileRef = 378C368A1F43357A008221C3 /* LaunchScreen.storyboard */; };
		378C36971F43357A008221C3 /* BSLZTests.swift in Sources */ = {isa = PBXBuildFile; fileRef = 378C36961F43357A008221C3 /* BSLZTests.swift */; };
		378C36A21F43357A008221C3 /* BSLZUITests.swift in Sources */ = {isa = PBXBuildFile; fileRef = 378C36A11F43357A008221C3 /* BSLZUITests.swift */; };
		378C36B01F433991008221C3 /* NetworkingService.swift in Sources */ = {isa = PBXBuildFile; fileRef = 378C36AF1F433991008221C3 /* NetworkingService.swift */; };
		378C36B21F434E8E008221C3 /* Pocetna.swift in Sources */ = {isa = PBXBuildFile; fileRef = 378C36B11F434E8E008221C3 /* Pocetna.swift */; };
		378C36B41F435326008221C3 /* GetPocetnaResponse.swift in Sources */ = {isa = PBXBuildFile; fileRef = 378C36B31F435326008221C3 /* GetPocetnaResponse.swift */; };
		378C36B61F4353B9008221C3 /* NetworkingError.swift in Sources */ = {isa = PBXBuildFile; fileRef = 378C36B51F4353B9008221C3 /* NetworkingError.swift */; };
		47DFEA04D4324210BE80DAFB /* Pods_BSLZ.framework in Frameworks */ = {isa = PBXBuildFile; fileRef = 1681715D55A6A5CC89A2FFA2 /* Pods_BSLZ.framework */; };
/* End PBXBuildFile section */

/* Begin PBXContainerItemProxy section */
		378C36931F43357A008221C3 /* PBXContainerItemProxy */ = {
			isa = PBXContainerItemProxy;
			containerPortal = 378C36761F43357A008221C3 /* Project object */;
			proxyType = 1;
			remoteGlobalIDString = 378C367D1F43357A008221C3;
			remoteInfo = BSLZ;
		};
		378C369E1F43357A008221C3 /* PBXContainerItemProxy */ = {
			isa = PBXContainerItemProxy;
			containerPortal = 378C36761F43357A008221C3 /* Project object */;
			proxyType = 1;
			remoteGlobalIDString = 378C367D1F43357A008221C3;
			remoteInfo = BSLZ;
		};
/* End PBXContainerItemProxy section */

/* Begin PBXFileReference section */
		0B5D834E41A6FC5ADAC83C61 /* Pods-BSLZ.release.xcconfig */ = {isa = PBXFileReference; includeInIndex = 1; lastKnownFileType = text.xcconfig; name = "Pods-BSLZ.release.xcconfig"; path = "Pods/Target Support Files/Pods-BSLZ/Pods-BSLZ.release.xcconfig"; sourceTree = "<group>"; };
		13A758D57FBCB84CFB53AF9D /* Pods-BSLZ.debug.xcconfig */ = {isa = PBXFileReference; includeInIndex = 1; lastKnownFileType = text.xcconfig; name = "Pods-BSLZ.debug.xcconfig"; path = "Pods/Target Support Files/Pods-BSLZ/Pods-BSLZ.debug.xcconfig"; sourceTree = "<group>"; };
		1681715D55A6A5CC89A2FFA2 /* Pods_BSLZ.framework */ = {isa = PBXFileReference; explicitFileType = wrapper.framework; includeInIndex = 0; path = Pods_BSLZ.framework; sourceTree = BUILT_PRODUCTS_DIR; };
		378C367E1F43357A008221C3 /* BSLZ.app */ = {isa = PBXFileReference; explicitFileType = wrapper.application; includeInIndex = 0; path = BSLZ.app; sourceTree = BUILT_PRODUCTS_DIR; };
		378C36811F43357A008221C3 /* AppDelegate.swift */ = {isa = PBXFileReference; lastKnownFileType = sourcecode.swift; path = AppDelegate.swift; sourceTree = "<group>"; };
		378C36831F43357A008221C3 /* ViewController.swift */ = {isa = PBXFileReference; lastKnownFileType = sourcecode.swift; path = ViewController.swift; sourceTree = "<group>"; };
		378C36861F43357A008221C3 /* Base */ = {isa = PBXFileReference; lastKnownFileType = file.storyboard; name = Base; path = Base.lproj/Main.storyboard; sourceTree = "<group>"; };
		378C36881F43357A008221C3 /* Assets.xcassets */ = {isa = PBXFileReference; lastKnownFileType = folder.assetcatalog; path = Assets.xcassets; sourceTree = "<group>"; };
		378C368B1F43357A008221C3 /* Base */ = {isa = PBXFileReference; lastKnownFileType = file.storyboard; name = Base; path = Base.lproj/LaunchScreen.storyboard; sourceTree = "<group>"; };
		378C368D1F43357A008221C3 /* Info.plist */ = {isa = PBXFileReference; lastKnownFileType = text.plist.xml; path = Info.plist; sourceTree = "<group>"; };
		378C36921F43357A008221C3 /* BSLZTests.xctest */ = {isa = PBXFileReference; explicitFileType = wrapper.cfbundle; includeInIndex = 0; path = BSLZTests.xctest; sourceTree = BUILT_PRODUCTS_DIR; };
		378C36961F43357A008221C3 /* BSLZTests.swift */ = {isa = PBXFileReference; lastKnownFileType = sourcecode.swift; path = BSLZTests.swift; sourceTree = "<group>"; };
		378C36981F43357A008221C3 /* Info.plist */ = {isa = PBXFileReference; lastKnownFileType = text.plist.xml; path = Info.plist; sourceTree = "<group>"; };
		378C369D1F43357A008221C3 /* BSLZUITests.xctest */ = {isa = PBXFileReference; explicitFileType = wrapper.cfbundle; includeInIndex = 0; path = BSLZUITests.xctest; sourceTree = BUILT_PRODUCTS_DIR; };
		378C36A11F43357A008221C3 /* BSLZUITests.swift */ = {isa = PBXFileReference; lastKnownFileType = sourcecode.swift; path = BSLZUITests.swift; sourceTree = "<group>"; };
		378C36A31F43357A008221C3 /* Info.plist */ = {isa = PBXFileReference; lastKnownFileType = text.plist.xml; path = Info.plist; sourceTree = "<group>"; };
		378C36AF1F433991008221C3 /* NetworkingService.swift */ = {isa = PBXFileReference; fileEncoding = 4; lastKnownFileType = sourcecode.swift; path = NetworkingService.swift; sourceTree = "<group>"; };
		378C36B11F434E8E008221C3 /* Pocetna.swift */ = {isa = PBXFileReference; fileEncoding = 4; lastKnownFileType = sourcecode.swift; path = Pocetna.swift; sourceTree = "<group>"; };
		378C36B31F435326008221C3 /* GetPocetnaResponse.swift */ = {isa = PBXFileReference; fileEncoding = 4; lastKnownFileType = sourcecode.swift; path = GetPocetnaResponse.swift; sourceTree = "<group>"; };
		378C36B51F4353B9008221C3 /* NetworkingError.swift */ = {isa = PBXFileReference; fileEncoding = 4; lastKnownFileType = sourcecode.swift; path = NetworkingError.swift; sourceTree = "<group>"; };
/* End PBXFileReference section */

/* Begin PBXFrameworksBuildPhase section */
		378C367B1F43357A008221C3 /* Frameworks */ = {
			isa = PBXFrameworksBuildPhase;
			buildActionMask = 2147483647;
			files = (
				47DFEA04D4324210BE80DAFB /* Pods_BSLZ.framework in Frameworks */,
			);
			runOnlyForDeploymentPostprocessing = 0;
		};
		378C368F1F43357A008221C3 /* Frameworks */ = {
			isa = PBXFrameworksBuildPhase;
			buildActionMask = 2147483647;
			files = (
			);
			runOnlyForDeploymentPostprocessing = 0;
		};
		378C369A1F43357A008221C3 /* Frameworks */ = {
			isa = PBXFrameworksBuildPhase;
			buildActionMask = 2147483647;
			files = (
			);
			runOnlyForDeploymentPostprocessing = 0;
		};
/* End PBXFrameworksBuildPhase section */

/* Begin PBXGroup section */
		36013048993F23288BFE00B2 /* Pods */ = {
			isa = PBXGroup;
			children = (
				13A758D57FBCB84CFB53AF9D /* Pods-BSLZ.debug.xcconfig */,
				0B5D834E41A6FC5ADAC83C61 /* Pods-BSLZ.release.xcconfig */,
			);
			name = Pods;
			sourceTree = "<group>";
		};
		378C36751F43357A008221C3 = {
			isa = PBXGroup;
			children = (
				378C36801F43357A008221C3 /* BSLZ */,
				378C36951F43357A008221C3 /* BSLZTests */,
				378C36A01F43357A008221C3 /* BSLZUITests */,
				378C367F1F43357A008221C3 /* Products */,
				36013048993F23288BFE00B2 /* Pods */,
				7B72D56A3B3AFD7D9E4D752F /* Frameworks */,
			);
			sourceTree = "<group>";
		};
		378C367F1F43357A008221C3 /* Products */ = {
			isa = PBXGroup;
			children = (
				378C367E1F43357A008221C3 /* BSLZ.app */,
				378C36921F43357A008221C3 /* BSLZTests.xctest */,
				378C369D1F43357A008221C3 /* BSLZUITests.xctest */,
			);
			name = Products;
			sourceTree = "<group>";
		};
		378C36801F43357A008221C3 /* BSLZ */ = {
			isa = PBXGroup;
			children = (
				378C36811F43357A008221C3 /* AppDelegate.swift */,
				378C36831F43357A008221C3 /* ViewController.swift */,
				378C36B31F435326008221C3 /* GetPocetnaResponse.swift */,
				378C36B51F4353B9008221C3 /* NetworkingError.swift */,
				378C36AF1F433991008221C3 /* NetworkingService.swift */,
				378C36B11F434E8E008221C3 /* Pocetna.swift */,
				378C36851F43357A008221C3 /* Main.storyboard */,
				378C36881F43357A008221C3 /* Assets.xcassets */,
				378C368A1F43357A008221C3 /* LaunchScreen.storyboard */,
				378C368D1F43357A008221C3 /* Info.plist */,
			);
			path = BSLZ;
			sourceTree = "<group>";
		};
		378C36951F43357A008221C3 /* BSLZTests */ = {
			isa = PBXGroup;
			children = (
				378C36961F43357A008221C3 /* BSLZTests.swift */,
				378C36981F43357A008221C3 /* Info.plist */,
			);
			path = BSLZTests;
			sourceTree = "<group>";
		};
		378C36A01F43357A008221C3 /* BSLZUITests */ = {
			isa = PBXGroup;
			children = (
				378C36A11F43357A008221C3 /* BSLZUITests.swift */,
				378C36A31F43357A008221C3 /* Info.plist */,
			);
			path = BSLZUITests;
			sourceTree = "<group>";
		};
		7B72D56A3B3AFD7D9E4D752F /* Frameworks */ = {
			isa = PBXGroup;
			children = (
				1681715D55A6A5CC89A2FFA2 /* Pods_BSLZ.framework */,
			);
			name = Frameworks;
			sourceTree = "<group>";
		};
/* End PBXGroup section */

/* Begin PBXNativeTarget section */
		378C367D1F43357A008221C3 /* BSLZ */ = {
			isa = PBXNativeTarget;
			buildConfigurationList = 378C36A61F43357A008221C3 /* Build configuration list for PBXNativeTarget "BSLZ" */;
			buildPhases = (
				18C49B0B70AADF20B93D2ABA /* [CP] Check Pods Manifest.lock */,
				378C367A1F43357A008221C3 /* Sources */,
				378C367B1F43357A008221C3 /* Frameworks */,
				378C367C1F43357A008221C3 /* Resources */,
				0123DC3DA03016ED675B6E0A /* [CP] Embed Pods Frameworks */,
				01731726ADB0C7F4ABEB54E0 /* [CP] Copy Pods Resources */,
			);
			buildRules = (
			);
			dependencies = (
			);
			name = BSLZ;
			productName = BSLZ;
			productReference = 378C367E1F43357A008221C3 /* BSLZ.app */;
			productType = "com.apple.product-type.application";
		};
		378C36911F43357A008221C3 /* BSLZTests */ = {
			isa = PBXNativeTarget;
			buildConfigurationList = 378C36A91F43357A008221C3 /* Build configuration list for PBXNativeTarget "BSLZTests" */;
			buildPhases = (
				378C368E1F43357A008221C3 /* Sources */,
				378C368F1F43357A008221C3 /* Frameworks */,
				378C36901F43357A008221C3 /* Resources */,
			);
			buildRules = (
			);
			dependencies = (
				378C36941F43357A008221C3 /* PBXTargetDependency */,
			);
			name = BSLZTests;
			productName = BSLZTests;
			productReference = 378C36921F43357A008221C3 /* BSLZTests.xctest */;
			productType = "com.apple.product-type.bundle.unit-test";
		};
		378C369C1F43357A008221C3 /* BSLZUITests */ = {
			isa = PBXNativeTarget;
			buildConfigurationList = 378C36AC1F43357A008221C3 /* Build configuration list for PBXNativeTarget "BSLZUITests" */;
			buildPhases = (
				378C36991F43357A008221C3 /* Sources */,
				378C369A1F43357A008221C3 /* Frameworks */,
				378C369B1F43357A008221C3 /* Resources */,
			);
			buildRules = (
			);
			dependencies = (
				378C369F1F43357A008221C3 /* PBXTargetDependency */,
			);
			name = BSLZUITests;
			productName = BSLZUITests;
			productReference = 378C369D1F43357A008221C3 /* BSLZUITests.xctest */;
			productType = "com.apple.product-type.bundle.ui-testing";
		};
/* End PBXNativeTarget section */

/* Begin PBXProject section */
		378C36761F43357A008221C3 /* Project object */ = {
			isa = PBXProject;
			attributes = {
				LastSwiftUpdateCheck = 0830;
				LastUpgradeCheck = 0830;
				ORGANIZATIONNAME = MacPro;
				TargetAttributes = {
					378C367D1F43357A008221C3 = {
						CreatedOnToolsVersion = 8.3.3;
						DevelopmentTeam = 249HU89853;
						ProvisioningStyle = Automatic;
					};
					378C36911F43357A008221C3 = {
						CreatedOnToolsVersion = 8.3.3;
						DevelopmentTeam = 249HU89853;
						ProvisioningStyle = Automatic;
						TestTargetID = 378C367D1F43357A008221C3;
					};
					378C369C1F43357A008221C3 = {
						CreatedOnToolsVersion = 8.3.3;
						DevelopmentTeam = 249HU89853;
						ProvisioningStyle = Automatic;
						TestTargetID = 378C367D1F43357A008221C3;
					};
				};
			};
			buildConfigurationList = 378C36791F43357A008221C3 /* Build configuration list for PBXProject "BSLZ" */;
			compatibilityVersion = "Xcode 3.2";
			developmentRegion = English;
			hasScannedForEncodings = 0;
			knownRegions = (
				en,
				Base,
			);
			mainGroup = 378C36751F43357A008221C3;
			productRefGroup = 378C367F1F43357A008221C3 /* Products */;
			projectDirPath = "";
			projectRoot = "";
			targets = (
				378C367D1F43357A008221C3 /* BSLZ */,
				378C36911F43357A008221C3 /* BSLZTests */,
				378C369C1F43357A008221C3 /* BSLZUITests */,
			);
		};
/* End PBXProject section */

/* Begin PBXResourcesBuildPhase section */
		378C367C1F43357A008221C3 /* Resources */ = {
			isa = PBXResourcesBuildPhase;
			buildActionMask = 2147483647;
			files = (
				378C368C1F43357A008221C3 /* LaunchScreen.storyboard in Resources */,
				378C36891F43357A008221C3 /* Assets.xcassets in Resources */,
				378C36871F43357A008221C3 /* Main.storyboard in Resources */,
			);
			runOnlyForDeploymentPostprocessing = 0;
		};
		378C36901F43357A008221C3 /* Resources */ = {
			isa = PBXResourcesBuildPhase;
			buildActionMask = 2147483647;
			files = (
			);
			runOnlyForDeploymentPostprocessing = 0;
		};
		378C369B1F43357A008221C3 /* Resources */ = {
			isa = PBXResourcesBuildPhase;
			buildActionMask = 2147483647;
			files = (
			);
			runOnlyForDeploymentPostprocessing = 0;
		};
/* End PBXResourcesBuildPhase section */

/* Begin PBXShellScriptBuildPhase section */
		0123DC3DA03016ED675B6E0A /* [CP] Embed Pods Frameworks */ = {
			isa = PBXShellScriptBuildPhase;
			buildActionMask = 2147483647;
			files = (
			);
			inputPaths = (
				"${SRCROOT}/Pods/Target Support Files/Pods-BSLZ/Pods-BSLZ-frameworks.sh",
				"${BUILT_PRODUCTS_DIR}/Alamofire/Alamofire.framework",
			);
			name = "[CP] Embed Pods Frameworks";
			outputPaths = (
				"${TARGET_BUILD_DIR}/${FRAMEWORKS_FOLDER_PATH}/Alamofire.framework",
			);
			runOnlyForDeploymentPostprocessing = 0;
			shellPath = /bin/sh;
			shellScript = "\"${SRCROOT}/Pods/Target Support Files/Pods-BSLZ/Pods-BSLZ-frameworks.sh\"\n";
			showEnvVarsInLog = 0;
		};
		01731726ADB0C7F4ABEB54E0 /* [CP] Copy Pods Resources */ = {
			isa = PBXShellScriptBuildPhase;
			buildActionMask = 2147483647;
			files = (
			);
			inputPaths = (
			);
			name = "[CP] Copy Pods Resources";
			outputPaths = (
			);
			runOnlyForDeploymentPostprocessing = 0;
			shellPath = /bin/sh;
			shellScript = "\"${SRCROOT}/Pods/Target Support Files/Pods-BSLZ/Pods-BSLZ-resources.sh\"\n";
			showEnvVarsInLog = 0;
		};
		18C49B0B70AADF20B93D2ABA /* [CP] Check Pods Manifest.lock */ = {
			isa = PBXShellScriptBuildPhase;
			buildActionMask = 2147483647;
			files = (
			);
			inputPaths = (
				"${PODS_PODFILE_DIR_PATH}/Podfile.lock",
				"${PODS_ROOT}/Manifest.lock",
			);
			name = "[CP] Check Pods Manifest.lock";
			outputPaths = (
				"$(DERIVED_FILE_DIR)/Pods-BSLZ-checkManifestLockResult.txt",
			);
			runOnlyForDeploymentPostprocessing = 0;
			shellPath = /bin/sh;
			shellScript = "diff \"${PODS_PODFILE_DIR_PATH}/Podfile.lock\" \"${PODS_ROOT}/Manifest.lock\" > /dev/null\nif [ $? != 0 ] ; then\n    # print error to STDERR\n    echo \"error: The sandbox is not in sync with the Podfile.lock. Run 'pod install' or update your CocoaPods installation.\" >&2\n    exit 1\nfi\n# This output is used by Xcode 'outputs' to avoid re-running this script phase.\necho \"SUCCESS\" > \"${SCRIPT_OUTPUT_FILE_0}\"\n";
			showEnvVarsInLog = 0;
		};
/* End PBXShellScriptBuildPhase section */

/* Begin PBXSourcesBuildPhase section */
		378C367A1F43357A008221C3 /* Sources */ = {
			isa = PBXSourcesBuildPhase;
			buildActionMask = 2147483647;
			files = (
				378C36B01F433991008221C3 /* NetworkingService.swift in Sources */,
				378C36841F43357A008221C3 /* ViewController.swift in Sources */,
				378C36B21F434E8E008221C3 /* Pocetna.swift in Sources */,
				378C36B41F435326008221C3 /* GetPocetnaResponse.swift in Sources */,
				378C36B61F4353B9008221C3 /* NetworkingError.swift in Sources */,
				378C36821F43357A008221C3 /* AppDelegate.swift in Sources */,
			);
			runOnlyForDeploymentPostprocessing = 0;
		};
		378C368E1F43357A008221C3 /* Sources */ = {
			isa = PBXSourcesBuildPhase;
			buildActionMask = 2147483647;
			files = (
				378C36971F43357A008221C3 /* BSLZTests.swift in Sources */,
			);
			runOnlyForDeploymentPostprocessing = 0;
		};
		378C36991F43357A008221C3 /* Sources */ = {
			isa = PBXSourcesBuildPhase;
			buildActionMask = 2147483647;
			files = (
				378C36A21F43357A008221C3 /* BSLZUITests.swift in Sources */,
			);
			runOnlyForDeploymentPostprocessing = 0;
		};
/* End PBXSourcesBuildPhase section */

/* Begin PBXTargetDependency section */
		378C36941F43357A008221C3 /* PBXTargetDependency */ = {
			isa = PBXTargetDependency;
			target = 378C367D1F43357A008221C3 /* BSLZ */;
			targetProxy = 378C36931F43357A008221C3 /* PBXContainerItemProxy */;
		};
		378C369F1F43357A008221C3 /* PBXTargetDependency */ = {
			isa = PBXTargetDependency;
			target = 378C367D1F43357A008221C3 /* BSLZ */;
			targetProxy = 378C369E1F43357A008221C3 /* PBXContainerItemProxy */;
		};
/* End PBXTargetDependency section */

/* Begin PBXVariantGroup section */
		378C36851F43357A008221C3 /* Main.storyboard */ = {
			isa = PBXVariantGroup;
			children = (
				378C36861F43357A008221C3 /* Base */,
			);
			name = Main.storyboard;
			sourceTree = "<group>";
		};
		378C368A1F43357A008221C3 /* LaunchScreen.storyboard */ = {
			isa = PBXVariantGroup;
			children = (
				378C368B1F43357A008221C3 /* Base */,
			);
			name = LaunchScreen.storyboard;
			sourceTree = "<group>";
		};
/* End PBXVariantGroup section */

/* Begin XCBuildConfiguration section */
		378C36A41F43357A008221C3 /* Debug */ = {
			isa = XCBuildConfiguration;
			buildSettings = {
				ALWAYS_SEARCH_USER_PATHS = NO;
				CLANG_ANALYZER_NONNULL = YES;
				CLANG_ANALYZER_NUMBER_OBJECT_CONVERSION = YES_AGGRESSIVE;
				CLANG_CXX_LANGUAGE_STANDARD = "gnu++0x";
				CLANG_CXX_LIBRARY = "libc++";
				CLANG_ENABLE_MODULES = YES;
				CLANG_ENABLE_OBJC_ARC = YES;
				CLANG_WARN_BOOL_CONVERSION = YES;
				CLANG_WARN_CONSTANT_CONVERSION = YES;
				CLANG_WARN_DIRECT_OBJC_ISA_USAGE = YES_ERROR;
				CLANG_WARN_DOCUMENTATION_COMMENTS = YES;
				CLANG_WARN_EMPTY_BODY = YES;
				CLANG_WARN_ENUM_CONVERSION = YES;
				CLANG_WARN_INFINITE_RECURSION = YES;
				CLANG_WARN_INT_CONVERSION = YES;
				CLANG_WARN_OBJC_ROOT_CLASS = YES_ERROR;
				CLANG_WARN_SUSPICIOUS_MOVE = YES;
				CLANG_WARN_UNREACHABLE_CODE = YES;
				CLANG_WARN__DUPLICATE_METHOD_MATCH = YES;
				"CODE_SIGN_IDENTITY[sdk=iphoneos*]" = "iPhone Developer";
				COPY_PHASE_STRIP = NO;
				DEBUG_INFORMATION_FORMAT = dwarf;
				ENABLE_STRICT_OBJC_MSGSEND = YES;
				ENABLE_TESTABILITY = YES;
				GCC_C_LANGUAGE_STANDARD = gnu99;
				GCC_DYNAMIC_NO_PIC = NO;
				GCC_NO_COMMON_BLOCKS = YES;
				GCC_OPTIMIZATION_LEVEL = 0;
				GCC_PREPROCESSOR_DEFINITIONS = (
					"DEBUG=1",
					"$(inherited)",
				);
				GCC_WARN_64_TO_32_BIT_CONVERSION = YES;
				GCC_WARN_ABOUT_RETURN_TYPE = YES_ERROR;
				GCC_WARN_UNDECLARED_SELECTOR = YES;
				GCC_WARN_UNINITIALIZED_AUTOS = YES_AGGRESSIVE;
				GCC_WARN_UNUSED_FUNCTION = YES;
				GCC_WARN_UNUSED_VARIABLE = YES;
				IPHONEOS_DEPLOYMENT_TARGET = 10.3;
				MTL_ENABLE_DEBUG_INFO = YES;
				ONLY_ACTIVE_ARCH = YES;
				SDKROOT = iphoneos;
				SWIFT_ACTIVE_COMPILATION_CONDITIONS = DEBUG;
				SWIFT_OPTIMIZATION_LEVEL = "-Onone";
			};
			name = Debug;
		};
		378C36A51F43357A008221C3 /* Release */ = {
			isa = XCBuildConfiguration;
			buildSettings = {
				ALWAYS_SEARCH_USER_PATHS = NO;
				CLANG_ANALYZER_NONNULL = YES;
				CLANG_ANALYZER_NUMBER_OBJECT_CONVERSION = YES_AGGRESSIVE;
				CLANG_CXX_LANGUAGE_STANDARD = "gnu++0x";
				CLANG_CXX_LIBRARY = "libc++";
				CLANG_ENABLE_MODULES = YES;
				CLANG_ENABLE_OBJC_ARC = YES;
				CLANG_WARN_BOOL_CONVERSION = YES;
				CLANG_WARN_CONSTANT_CONVERSION = YES;
				CLANG_WARN_DIRECT_OBJC_ISA_USAGE = YES_ERROR;
				CLANG_WARN_DOCUMENTATION_COMMENTS = YES;
				CLANG_WARN_EMPTY_BODY = YES;
				CLANG_WARN_ENUM_CONVERSION = YES;
				CLANG_WARN_INFINITE_RECURSION = YES;
				CLANG_WARN_INT_CONVERSION = YES;
				CLANG_WARN_OBJC_ROOT_CLASS = YES_ERROR;
				CLANG_WARN_SUSPICIOUS_MOVE = YES;
				CLANG_WARN_UNREACHABLE_CODE = YES;
				CLANG_WARN__DUPLICATE_METHOD_MATCH = YES;
				"CODE_SIGN_IDENTITY[sdk=iphoneos*]" = "iPhone Developer";
				COPY_PHASE_STRIP = NO;
				DEBUG_INFORMATION_FORMAT = "dwarf-with-dsym";
				ENABLE_NS_ASSERTIONS = NO;
				ENABLE_STRICT_OBJC_MSGSEND = YES;
				GCC_C_LANGUAGE_STANDARD = gnu99;
				GCC_NO_COMMON_BLOCKS = YES;
				GCC_WARN_64_TO_32_BIT_CONVERSION = YES;
				GCC_WARN_ABOUT_RETURN_TYPE = YES_ERROR;
				GCC_WARN_UNDECLARED_SELECTOR = YES;
				GCC_WARN_UNINITIALIZED_AUTOS = YES_AGGRESSIVE;
				GCC_WARN_UNUSED_FUNCTION = YES;
				GCC_WARN_UNUSED_VARIABLE = YES;
				IPHONEOS_DEPLOYMENT_TARGET = 10.3;
				MTL_ENABLE_DEBUG_INFO = NO;
				SDKROOT = iphoneos;
				SWIFT_OPTIMIZATION_LEVEL = "-Owholemodule";
				VALIDATE_PRODUCT = YES;
			};
			name = Release;
		};
		378C36A71F43357A008221C3 /* Debug */ = {
			isa = XCBuildConfiguration;
			baseConfigurationReference = 13A758D57FBCB84CFB53AF9D /* Pods-BSLZ.debug.xcconfig */;
			buildSettings = {
				ASSETCATALOG_COMPILER_APPICON_NAME = AppIcon;
				DEVELOPMENT_TEAM = 249HU89853;
				INFOPLIST_FILE = BSLZ/Info.plist;
				LD_RUNPATH_SEARCH_PATHS = "$(inherited) @executable_path/Frameworks";
				PRODUCT_BUNDLE_IDENTIFIER = com.branko.p.BSLZ;
				PRODUCT_NAME = "$(TARGET_NAME)";
				SWIFT_VERSION = 3.0;
			};
			name = Debug;
		};
		378C36A81F43357A008221C3 /* Release */ = {
			isa = XCBuildConfiguration;
			baseConfigurationReference = 0B5D834E41A6FC5ADAC83C61 /* Pods-BSLZ.release.xcconfig */;
			buildSettings = {
				ASSETCATALOG_COMPILER_APPICON_NAME = AppIcon;
				DEVELOPMENT_TEAM = 249HU89853;
				INFOPLIST_FILE = BSLZ/Info.plist;
				LD_RUNPATH_SEARCH_PATHS = "$(inherited) @executable_path/Frameworks";
				PRODUCT_BUNDLE_IDENTIFIER = com.branko.p.BSLZ;
				PRODUCT_NAME = "$(TARGET_NAME)";
				SWIFT_VERSION = 3.0;
			};
			name = Release;
		};
		378C36AA1F43357A008221C3 /* Debug */ = {
			isa = XCBuildConfiguration;
			buildSettings = {
				ALWAYS_EMBED_SWIFT_STANDARD_LIBRARIES = YES;
				BUNDLE_LOADER = "$(TEST_HOST)";
				DEVELOPMENT_TEAM = 249HU89853;
				INFOPLIST_FILE = BSLZTests/Info.plist;
				LD_RUNPATH_SEARCH_PATHS = "$(inherited) @executable_path/Frameworks @loader_path/Frameworks";
				PRODUCT_BUNDLE_IDENTIFIER = com.branko.p.BSLZTests;
				PRODUCT_NAME = "$(TARGET_NAME)";
				SWIFT_VERSION = 3.0;
				TEST_HOST = "$(BUILT_PRODUCTS_DIR)/BSLZ.app/BSLZ";
			};
			name = Debug;
		};
		378C36AB1F43357A008221C3 /* Release */ = {
			isa = XCBuildConfiguration;
			buildSettings = {
				ALWAYS_EMBED_SWIFT_STANDARD_LIBRARIES = YES;
				BUNDLE_LOADER = "$(TEST_HOST)";
				DEVELOPMENT_TEAM = 249HU89853;
				INFOPLIST_FILE = BSLZTests/Info.plist;
				LD_RUNPATH_SEARCH_PATHS = "$(inherited) @executable_path/Frameworks @loader_path/Frameworks";
				PRODUCT_BUNDLE_IDENTIFIER = com.branko.p.BSLZTests;
				PRODUCT_NAME = "$(TARGET_NAME)";
				SWIFT_VERSION = 3.0;
				TEST_HOST = "$(BUILT_PRODUCTS_DIR)/BSLZ.app/BSLZ";
			};
			name = Release;
		};
		378C36AD1F43357A008221C3 /* Debug */ = {
			isa = XCBuildConfiguration;
			buildSettings = {
				ALWAYS_EMBED_SWIFT_STANDARD_LIBRARIES = YES;
				DEVELOPMENT_TEAM = 249HU89853;
				INFOPLIST_FILE = BSLZUITests/Info.plist;
				LD_RUNPATH_SEARCH_PATHS = "$(inherited) @executable_path/Frameworks @loader_path/Frameworks";
				PRODUCT_BUNDLE_IDENTIFIER = com.branko.p.BSLZUITests;
				PRODUCT_NAME = "$(TARGET_NAME)";
				SWIFT_VERSION = 3.0;
				TEST_TARGET_NAME = BSLZ;
			};
			name = Debug;
		};
		378C36AE1F43357A008221C3 /* Release */ = {
			isa = XCBuildConfiguration;
			buildSettings = {
				ALWAYS_EMBED_SWIFT_STANDARD_LIBRARIES = YES;
				DEVELOPMENT_TEAM = 249HU89853;
				INFOPLIST_FILE = BSLZUITests/Info.plist;
				LD_RUNPATH_SEARCH_PATHS = "$(inherited) @executable_path/Frameworks @loader_path/Frameworks";
				PRODUCT_BUNDLE_IDENTIFIER = com.branko.p.BSLZUITests;
				PRODUCT_NAME = "$(TARGET_NAME)";
				SWIFT_VERSION = 3.0;
				TEST_TARGET_NAME = BSLZ;
			};
			name = Release;
		};
/* End XCBuildConfiguration section */

/* Begin XCConfigurationList section */
		378C36791F43357A008221C3 /* Build configuration list for PBXProject "BSLZ" */ = {
			isa = XCConfigurationList;
			buildConfigurations = (
				378C36A41F43357A008221C3 /* Debug */,
				378C36A51F43357A008221C3 /* Release */,
			);
			defaultConfigurationIsVisible = 0;
			defaultConfigurationName = Release;
		};
		378C36A61F43357A008221C3 /* Build configuration list for PBXNativeTarget "BSLZ" */ = {
			isa = XCConfigurationList;
			buildConfigurations = (
				378C36A71F43357A008221C3 /* Debug */,
				378C36A81F43357A008221C3 /* Release */,
			);
			defaultConfigurationIsVisible = 0;
			defaultConfigurationName = Release;
		};
		378C36A91F43357A008221C3 /* Build configuration list for PBXNativeTarget "BSLZTests" */ = {
			isa = XCConfigurationList;
			buildConfigurations = (
				378C36AA1F43357A008221C3 /* Debug */,
				378C36AB1F43357A008221C3 /* Release */,
			);
			defaultConfigurationIsVisible = 0;
			defaultConfigurationName = Release;
		};
		378C36AC1F43357A008221C3 /* Build configuration list for PBXNativeTarget "BSLZUITests" */ = {
			isa = XCConfigurationList;
			buildConfigurations = (
				378C36AD1F43357A008221C3 /* Debug */,
				378C36AE1F43357A008221C3 /* Release */,
			);
			defaultConfigurationIsVisible = 0;
			defaultConfigurationName = Release;
		};
/* End XCConfigurationList section */
	};
	rootObject = 378C36761F43357A008221C3 /* Project object */;
}
